
Microsoft Visual Studio Solution File, Format Version 12.00
# Visual Studio Version 16
VisualStudioVersion = 16.0.29509.3
MinimumVisualStudioVersion = 10.0.40219.1
Project("{FAE04EC0-301F-11D3-BF4B-00C04F79EFBC}") = "SnowFlakesScreenSaver", "SnowFlakesScreenSaver\SnowFlakesScreenSaver.csproj", "{2B41F3F7-A1B9-40B5-BDB8-DE04865E65CA}"
EndProject
Global
	GlobalSection(SolutionConfigurationPlatforms) = preSolution
		Debug|Any CPU = Debug|Any CPU
		Release|Any CPU = Release|Any CPU
	EndGlobalSection
	GlobalSection(ProjectConfigurationPlatforms) = postSolution
		{2B41F3F7-A1B9-40B5-BDB8-DE04865E65CA}.Debug|Any CPU.ActiveCfg = Debug|Any CPU
		{2B41F3F7-A1B9-40B5-BDB8-DE04865E65CA}.Debug|Any CPU.Build.0 = Debug|Any CPU
		{2B41F3F7-A1B9-40B5-BDB8-DE04865E65CA}.Release|Any CPU.ActiveCfg = Release|Any CPU
		{2B41F3F7-A1B9-40B5-BDB8-DE04865E65CA}.Release|Any CPU.Build.0 = Release|Any CPU
	EndGlobalSection
	GlobalSection(SolutionProperties) = preSolution
		HideSolutionNode = FALSE
	EndGlobalSection
	GlobalSection(ExtensibilityGlobals) = postSolution
		SolutionGuid = {E1B0E6FE-C946-43B8-AD2A-8FE77A90A7C6}
	EndGlobalSection
EndGlobal
